
Microsoft Visual Studio Solution File, Format Version 12.00
# Visual Studio Version 17
VisualStudioVersion = 17.2.32616.157
MinimumVisualStudioVersion = 10.0.40219.1
Project("{FAE04EC0-301F-11D3-BF4B-00C04F79EFBC}") = "SalleDeSportWeb", "SalleDeSportWeb\SalleDeSportWeb.csproj", "{909ED9EC-6469-491D-A56E-45811C8E33BF}"
EndProject
Project("{FAE04EC0-301F-11D3-BF4B-00C04F79EFBC}") = "SalleDeSport.DataAccess", "SalleDeSport.DataAccess\SalleDeSport.DataAccess.csproj", "{CF06B527-9211-41E0-843F-98CBAACDC008}"
EndProject
Project("{FAE04EC0-301F-11D3-BF4B-00C04F79EFBC}") = "SalleDeSport.Utility", "SalleDeSport.Utility\SalleDeSport.Utility.csproj", "{88FE9F6F-743E-43A1-BF8B-A40DA41AD55B}"
EndProject
Project("{FAE04EC0-301F-11D3-BF4B-00C04F79EFBC}") = "SalleDeSport.Models", "SalleDeSport.Models\SalleDeSport.Models.csproj", "{FD62F0DC-3934-463E-8860-1366DB5A2403}"
EndProject
Global
	GlobalSection(SolutionConfigurationPlatforms) = preSolution
		Debug|Any CPU = Debug|Any CPU
		Release|Any CPU = Release|Any CPU
	EndGlobalSection
	GlobalSection(ProjectConfigurationPlatforms) = postSolution
		{909ED9EC-6469-491D-A56E-45811C8E33BF}.Debug|Any CPU.ActiveCfg = Debug|Any CPU
		{909ED9EC-6469-491D-A56E-45811C8E33BF}.Debug|Any CPU.Build.0 = Debug|Any CPU
		{909ED9EC-6469-491D-A56E-45811C8E33BF}.Release|Any CPU.ActiveCfg = Release|Any CPU
		{909ED9EC-6469-491D-A56E-45811C8E33BF}.Release|Any CPU.Build.0 = Release|Any CPU
		{CF06B527-9211-41E0-843F-98CBAACDC008}.Debug|Any CPU.ActiveCfg = Debug|Any CPU
		{CF06B527-9211-41E0-843F-98CBAACDC008}.Debug|Any CPU.Build.0 = Debug|Any CPU
		{CF06B527-9211-41E0-843F-98CBAACDC008}.Release|Any CPU.ActiveCfg = Release|Any CPU
		{CF06B527-9211-41E0-843F-98CBAACDC008}.Release|Any CPU.Build.0 = Release|Any CPU
		{88FE9F6F-743E-43A1-BF8B-A40DA41AD55B}.Debug|Any CPU.ActiveCfg = Debug|Any CPU
		{88FE9F6F-743E-43A1-BF8B-A40DA41AD55B}.Debug|Any CPU.Build.0 = Debug|Any CPU
		{88FE9F6F-743E-43A1-BF8B-A40DA41AD55B}.Release|Any CPU.ActiveCfg = Release|Any CPU
		{88FE9F6F-743E-43A1-BF8B-A40DA41AD55B}.Release|Any CPU.Build.0 = Release|Any CPU
		{FD62F0DC-3934-463E-8860-1366DB5A2403}.Debug|Any CPU.ActiveCfg = Debug|Any CPU
		{FD62F0DC-3934-463E-8860-1366DB5A2403}.Debug|Any CPU.Build.0 = Debug|Any CPU
		{FD62F0DC-3934-463E-8860-1366DB5A2403}.Release|Any CPU.ActiveCfg = Release|Any CPU
		{FD62F0DC-3934-463E-8860-1366DB5A2403}.Release|Any CPU.Build.0 = Release|Any CPU
	EndGlobalSection
	GlobalSection(SolutionProperties) = preSolution
		HideSolutionNode = FALSE
	EndGlobalSection
	GlobalSection(ExtensibilityGlobals) = postSolution
		SolutionGuid = {4B50E978-2F2C-4827-837B-B55A0FC185D5}
	EndGlobalSection
EndGlobal
